
Microsoft Visual Studio Solution File, Format Version 12.00
# Visual Studio Version 16
VisualStudioVersion = 16.0.30011.22
MinimumVisualStudioVersion = 10.0.40219.1
Project("{FAE04EC0-301F-11D3-BF4B-00C04F79EFBC}") = "OdeToFood", "OdeToFood\OdeToFood.csproj", "{9E4425C6-E485-4076-A1CA-8ED9D99F526D}"
EndProject
Project("{FAE04EC0-301F-11D3-BF4B-00C04F79EFBC}") = "OdeToFood.Core", "OdeToFood.Core\OdeToFood.Core.csproj", "{18A149C4-C43A-4E77-82FF-A6C299327080}"
EndProject
Project("{FAE04EC0-301F-11D3-BF4B-00C04F79EFBC}") = "OdeToFood.Data", "OdeToFood.Data\OdeToFood.Data.csproj", "{847960BC-AC30-4B82-94D1-3891B9DF9887}"
EndProject
Global
	GlobalSection(SolutionConfigurationPlatforms) = preSolution
		Debug|Any CPU = Debug|Any CPU
		Release|Any CPU = Release|Any CPU
	EndGlobalSection
	GlobalSection(ProjectConfigurationPlatforms) = postSolution
		{9E4425C6-E485-4076-A1CA-8ED9D99F526D}.Debug|Any CPU.ActiveCfg = Debug|Any CPU
		{9E4425C6-E485-4076-A1CA-8ED9D99F526D}.Debug|Any CPU.Build.0 = Debug|Any CPU
		{9E4425C6-E485-4076-A1CA-8ED9D99F526D}.Release|Any CPU.ActiveCfg = Release|Any CPU
		{9E4425C6-E485-4076-A1CA-8ED9D99F526D}.Release|Any CPU.Build.0 = Release|Any CPU
		{18A149C4-C43A-4E77-82FF-A6C299327080}.Debug|Any CPU.ActiveCfg = Debug|Any CPU
		{18A149C4-C43A-4E77-82FF-A6C299327080}.Debug|Any CPU.Build.0 = Debug|Any CPU
		{18A149C4-C43A-4E77-82FF-A6C299327080}.Release|Any CPU.ActiveCfg = Release|Any CPU
		{18A149C4-C43A-4E77-82FF-A6C299327080}.Release|Any CPU.Build.0 = Release|Any CPU
		{847960BC-AC30-4B82-94D1-3891B9DF9887}.Debug|Any CPU.ActiveCfg = Debug|Any CPU
		{847960BC-AC30-4B82-94D1-3891B9DF9887}.Debug|Any CPU.Build.0 = Debug|Any CPU
		{847960BC-AC30-4B82-94D1-3891B9DF9887}.Release|Any CPU.ActiveCfg = Release|Any CPU
		{847960BC-AC30-4B82-94D1-3891B9DF9887}.Release|Any CPU.Build.0 = Release|Any CPU
	EndGlobalSection
	GlobalSection(SolutionProperties) = preSolution
		HideSolutionNode = FALSE
	EndGlobalSection
	GlobalSection(ExtensibilityGlobals) = postSolution
		SolutionGuid = {3355C239-8A82-493D-9B34-3320EEACAD67}
	EndGlobalSection
EndGlobal
